
Microsoft Visual Studio Solution File, Format Version 12.00
# Visual Studio Version 17
VisualStudioVersion = 17.2.32616.157
MinimumVisualStudioVersion = 10.0.40219.1
Project("{FAE04EC0-301F-11D3-BF4B-00C04F79EFBC}") = "azurewebapp", "azurewebapp\azurewebapp.csproj", "{9C1CAF17-2063-4EF3-B7ED-F3BD19F1D071}"
EndProject
Global
	GlobalSection(SolutionConfigurationPlatforms) = preSolution
		Debug|Any CPU = Debug|Any CPU
		Release|Any CPU = Release|Any CPU
	EndGlobalSection
	GlobalSection(ProjectConfigurationPlatforms) = postSolution
		{9C1CAF17-2063-4EF3-B7ED-F3BD19F1D071}.Debug|Any CPU.ActiveCfg = Debug|Any CPU
		{9C1CAF17-2063-4EF3-B7ED-F3BD19F1D071}.Debug|Any CPU.Build.0 = Debug|Any CPU
		{9C1CAF17-2063-4EF3-B7ED-F3BD19F1D071}.Release|Any CPU.ActiveCfg = Release|Any CPU
		{9C1CAF17-2063-4EF3-B7ED-F3BD19F1D071}.Release|Any CPU.Build.0 = Release|Any CPU
	EndGlobalSection
	GlobalSection(SolutionProperties) = preSolution
		HideSolutionNode = FALSE
	EndGlobalSection
	GlobalSection(ExtensibilityGlobals) = postSolution
		SolutionGuid = {0E824818-7706-4929-8FD8-A970FA8829AF}
	EndGlobalSection
EndGlobal
